
Microsoft Visual Studio Solution File, Format Version 12.00
# Visual Studio Version 16
VisualStudioVersion = 16.0.30711.63
MinimumVisualStudioVersion = 10.0.40219.1
Project("{FAE04EC0-301F-11D3-BF4B-00C04F79EFBC}") = "AlgoritmPrizm", "AlgoritmPrizm\AlgoritmPrizm.csproj", "{352F7DC0-B5DA-4F3F-BE78-F571F571C01B}"
EndProject
Project("{FAE04EC0-301F-11D3-BF4B-00C04F79EFBC}") = "AlgoritmListener", "AlgoritmListener\AlgoritmListener.csproj", "{BAF2B918-3319-438D-A406-5865475014C0}"
EndProject
Project("{FAE04EC0-301F-11D3-BF4B-00C04F79EFBC}") = "AlgoritmPrizmCom", "AlgoritmPrizmCom\AlgoritmPrizmCom.csproj", "{0EEC1E2D-792C-4B13-A08F-1EC74655B122}"
EndProject
Project("{FAE04EC0-301F-11D3-BF4B-00C04F79EFBC}") = "AlgoritmPrizmComTst", "AlgoritmPrizmComTst\AlgoritmPrizmComTst.csproj", "{920D9B92-1917-48BD-B91A-105BC4A5DE82}"
EndProject
Project("{FAE04EC0-301F-11D3-BF4B-00C04F79EFBC}") = "AlgoritmPrizmComListener", "AlgoritmPrizmComListener\AlgoritmPrizmComListener.csproj", "{3D05442A-02F9-4AC8-8F5A-3CFACC72C218}"
EndProject
Global
	GlobalSection(SolutionConfigurationPlatforms) = preSolution
		Debug|Any CPU = Debug|Any CPU
		Release|Any CPU = Release|Any CPU
	EndGlobalSection
	GlobalSection(ProjectConfigurationPlatforms) = postSolution
		{352F7DC0-B5DA-4F3F-BE78-F571F571C01B}.Debug|Any CPU.ActiveCfg = Debug|Any CPU
		{352F7DC0-B5DA-4F3F-BE78-F571F571C01B}.Debug|Any CPU.Build.0 = Debug|Any CPU
		{352F7DC0-B5DA-4F3F-BE78-F571F571C01B}.Release|Any CPU.ActiveCfg = Release|Any CPU
		{352F7DC0-B5DA-4F3F-BE78-F571F571C01B}.Release|Any CPU.Build.0 = Release|Any CPU
		{BAF2B918-3319-438D-A406-5865475014C0}.Debug|Any CPU.ActiveCfg = Debug|Any CPU
		{BAF2B918-3319-438D-A406-5865475014C0}.Debug|Any CPU.Build.0 = Debug|Any CPU
		{BAF2B918-3319-438D-A406-5865475014C0}.Release|Any CPU.ActiveCfg = Release|Any CPU
		{BAF2B918-3319-438D-A406-5865475014C0}.Release|Any CPU.Build.0 = Release|Any CPU
		{0EEC1E2D-792C-4B13-A08F-1EC74655B122}.Debug|Any CPU.ActiveCfg = Debug|Any CPU
		{0EEC1E2D-792C-4B13-A08F-1EC74655B122}.Debug|Any CPU.Build.0 = Debug|Any CPU
		{0EEC1E2D-792C-4B13-A08F-1EC74655B122}.Release|Any CPU.ActiveCfg = Release|Any CPU
		{0EEC1E2D-792C-4B13-A08F-1EC74655B122}.Release|Any CPU.Build.0 = Release|Any CPU
		{920D9B92-1917-48BD-B91A-105BC4A5DE82}.Debug|Any CPU.ActiveCfg = Debug|Any CPU
		{920D9B92-1917-48BD-B91A-105BC4A5DE82}.Debug|Any CPU.Build.0 = Debug|Any CPU
		{920D9B92-1917-48BD-B91A-105BC4A5DE82}.Release|Any CPU.ActiveCfg = Release|Any CPU
		{920D9B92-1917-48BD-B91A-105BC4A5DE82}.Release|Any CPU.Build.0 = Release|Any CPU
		{3D05442A-02F9-4AC8-8F5A-3CFACC72C218}.Debug|Any CPU.ActiveCfg = Debug|Any CPU
		{3D05442A-02F9-4AC8-8F5A-3CFACC72C218}.Debug|Any CPU.Build.0 = Debug|Any CPU
		{3D05442A-02F9-4AC8-8F5A-3CFACC72C218}.Release|Any CPU.ActiveCfg = Release|Any CPU
		{3D05442A-02F9-4AC8-8F5A-3CFACC72C218}.Release|Any CPU.Build.0 = Release|Any CPU
	EndGlobalSection
	GlobalSection(SolutionProperties) = preSolution
		HideSolutionNode = FALSE
	EndGlobalSection
	GlobalSection(ExtensibilityGlobals) = postSolution
		SolutionGuid = {77012722-2D80-4940-B633-923F51F08FA5}
	EndGlobalSection
EndGlobal
